
Microsoft Visual Studio Solution File, Format Version 12.00
# Visual Studio Version 17
VisualStudioVersion = 17.12.35527.113
MinimumVisualStudioVersion = 10.0.40219.1
Project("{FAE04EC0-301F-11D3-BF4B-00C04F79EFBC}") = "Advent2025", "Advent2025\Advent2025.csproj", "{ED776BA2-B83E-4CCB-85C1-C893E258650A}"
EndProject
Project("{FAE04EC0-301F-11D3-BF4B-00C04F79EFBC}") = "Advent2025Tests", "Advent2025Tests\Advent2025Tests.csproj", "{C58D7180-11A2-4831-B8D9-ED009FE2AEDE}"
EndProject
Global
	GlobalSection(SolutionConfigurationPlatforms) = preSolution
		Debug|Any CPU = Debug|Any CPU
		Release|Any CPU = Release|Any CPU
	EndGlobalSection
	GlobalSection(ProjectConfigurationPlatforms) = postSolution
		{ED776BA2-B83E-4CCB-85C1-C893E258650A}.Debug|Any CPU.ActiveCfg = Debug|Any CPU
		{ED776BA2-B83E-4CCB-85C1-C893E258650A}.Debug|Any CPU.Build.0 = Debug|Any CPU
		{ED776BA2-B83E-4CCB-85C1-C893E258650A}.Release|Any CPU.ActiveCfg = Release|Any CPU
		{ED776BA2-B83E-4CCB-85C1-C893E258650A}.Release|Any CPU.Build.0 = Release|Any CPU
		{C58D7180-11A2-4831-B8D9-ED009FE2AEDE}.Debug|Any CPU.ActiveCfg = Debug|Any CPU
		{C58D7180-11A2-4831-B8D9-ED009FE2AEDE}.Debug|Any CPU.Build.0 = Debug|Any CPU
		{C58D7180-11A2-4831-B8D9-ED009FE2AEDE}.Release|Any CPU.ActiveCfg = Release|Any CPU
		{C58D7180-11A2-4831-B8D9-ED009FE2AEDE}.Release|Any CPU.Build.0 = Release|Any CPU
	EndGlobalSection
	GlobalSection(SolutionProperties) = preSolution
		HideSolutionNode = FALSE
	EndGlobalSection
EndGlobal
